// !$*UTF8*$!
{
	archiveVersion = 1;
	classes = {
	};
	objectVersion = 46;
	objects = {

/* Begin PBXBuildFile section */
		597772B61DF5ECEA00C03709 /* Assets.xcassets in Resources */ = {isa = PBXBuildFile; fileRef = 597772B51DF5ECEA00C03709 /* Assets.xcassets */; };
		597772C91DF60ABC00C03709 /* AppDelegate.swift in Sources */ = {isa = PBXBuildFile; fileRef = 597772C11DF60ABC00C03709 /* AppDelegate.swift */; };
		597772CA1DF60ABC00C03709 /* LaunchScreen.storyboard in Resources */ = {isa = PBXBuildFile; fileRef = 597772C41DF60ABC00C03709 /* LaunchScreen.storyboard */; };
		597772CB1DF60ABC00C03709 /* Main.storyboard in Resources */ = {isa = PBXBuildFile; fileRef = 597772C51DF60ABC00C03709 /* Main.storyboard */; };
		597772CC1DF60ABC00C03709 /* ViewController.swift in Sources */ = {isa = PBXBuildFile; fileRef = 597772C71DF60ABC00C03709 /* ViewController.swift */; };
/* End PBXBuildFile section */

/* Begin PBXFileReference section */
		597772AB1DF5ECEA00C03709 /* daySixDemo.app */ = {isa = PBXFileReference; explicitFileType = wrapper.application; includeInIndex = 0; path = daySixDemo.app; sourceTree = BUILT_PRODUCTS_DIR; };
		597772B51DF5ECEA00C03709 /* Assets.xcassets */ = {isa = PBXFileReference; lastKnownFileType = folder.assetcatalog; path = Assets.xcassets; sourceTree = "<group>"; };
		597772BA1DF5ECEA00C03709 /* Info.plist */ = {isa = PBXFileReference; lastKnownFileType = text.plist.xml; path = Info.plist; sourceTree = "<group>"; };
		597772C11DF60ABC00C03709 /* AppDelegate.swift */ = {isa = PBXFileReference; fileEncoding = 4; lastKnownFileType = sourcecode.swift; path = AppDelegate.swift; sourceTree = "<group>"; };
		597772C41DF60ABC00C03709 /* LaunchScreen.storyboard */ = {isa = PBXFileReference; fileEncoding = 4; lastKnownFileType = file.storyboard; path = LaunchScreen.storyboard; sourceTree = "<group>"; };
		597772C51DF60ABC00C03709 /* Main.storyboard */ = {isa = PBXFileReference; fileEncoding = 4; lastKnownFileType = file.storyboard; path = Main.storyboard; sourceTree = "<group>"; };
		597772C71DF60ABC00C03709 /* ViewController.swift */ = {isa = PBXFileReference; fileEncoding = 4; lastKnownFileType = sourcecode.swift; path = ViewController.swift; sourceTree = "<group>"; };
/* End PBXFileReference section */

/* Begin PBXFrameworksBuildPhase section */
		597772A81DF5ECEA00C03709 /* Frameworks */ = {
			isa = PBXFrameworksBuildPhase;
			buildActionMask = 2147483647;
			files = (
			);
			runOnlyForDeploymentPostprocessing = 0;
		};
/* End PBXFrameworksBuildPhase section */

/* Begin PBXGroup section */
		597772A21DF5ECEA00C03709 = {
			isa = PBXGroup;
			children = (
				597772AD1DF5ECEA00C03709 /* daySixDemo */,
				597772AC1DF5ECEA00C03709 /* Products */,
			);
			sourceTree = "<group>";
		};
		597772AC1DF5ECEA00C03709 /* Products */ = {
			isa = PBXGroup;
			children = (
				597772AB1DF5ECEA00C03709 /* daySixDemo.app */,
			);
			name = Products;
			sourceTree = "<group>";
		};
		597772AD1DF5ECEA00C03709 /* daySixDemo */ = {
			isa = PBXGroup;
			children = (
				597772C01DF60ABC00C03709 /* AppDelegate */,
				597772C21DF60ABC00C03709 /* Models */,
				597772C31DF60ABC00C03709 /* UI */,
				597772C61DF60ABC00C03709 /* ViewControllers */,
				597772C81DF60ABC00C03709 /* Views */,
				597772B51DF5ECEA00C03709 /* Assets.xcassets */,
				597772BA1DF5ECEA00C03709 /* Info.plist */,
			);
			path = daySixDemo;
			sourceTree = "<group>";
		};
		597772C01DF60ABC00C03709 /* AppDelegate */ = {
			isa = PBXGroup;
			children = (
				597772C11DF60ABC00C03709 /* AppDelegate.swift */,
			);
			path = AppDelegate;
			sourceTree = "<group>";
		};
		597772C21DF60ABC00C03709 /* Models */ = {
			isa = PBXGroup;
			children = (
			);
			path = Models;
			sourceTree = "<group>";
		};
		597772C31DF60ABC00C03709 /* UI */ = {
			isa = PBXGroup;
			children = (
				597772C41DF60ABC00C03709 /* LaunchScreen.storyboard */,
				597772C51DF60ABC00C03709 /* Main.storyboard */,
			);
			path = UI;
			sourceTree = "<group>";
		};
		597772C61DF60ABC00C03709 /* ViewControllers */ = {
			isa = PBXGroup;
			children = (
				597772C71DF60ABC00C03709 /* ViewController.swift */,
			);
			path = ViewControllers;
			sourceTree = "<group>";
		};
		597772C81DF60ABC00C03709 /* Views */ = {
			isa = PBXGroup;
			children = (
			);
			path = Views;
			sourceTree = "<group>";
		};
/* End PBXGroup section */

/* Begin PBXNativeTarget section */
		597772AA1DF5ECEA00C03709 /* daySixDemo */ = {
			isa = PBXNativeTarget;
			buildConfigurationList = 597772BD1DF5ECEA00C03709 /* Build configuration list for PBXNativeTarget "daySixDemo" */;
			buildPhases = (
				597772A71DF5ECEA00C03709 /* Sources */,
				597772A81DF5ECEA00C03709 /* Frameworks */,
				597772A91DF5ECEA00C03709 /* Resources */,
			);
			buildRules = (
			);
			dependencies = (
			);
			name = daySixDemo;
			productName = daySixDemo;
			productReference = 597772AB1DF5ECEA00C03709 /* daySixDemo.app */;
			productType = "com.apple.product-type.application";
		};
/* End PBXNativeTarget section */

/* Begin PBXProject section */
		597772A31DF5ECEA00C03709 /* Project object */ = {
			isa = PBXProject;
			attributes = {
				LastSwiftUpdateCheck = 0810;
				LastUpgradeCheck = 0810;
				ORGANIZATIONNAME = "Mackenzie Wacker";
				TargetAttributes = {
					597772AA1DF5ECEA00C03709 = {
						CreatedOnToolsVersion = 8.1;
						DevelopmentTeam = 8H997XH52S;
						ProvisioningStyle = Automatic;
					};
				};
			};
			buildConfigurationList = 597772A61DF5ECEA00C03709 /* Build configuration list for PBXProject "daySixDemo" */;
			compatibilityVersion = "Xcode 3.2";
			developmentRegion = English;
			hasScannedForEncodings = 0;
			knownRegions = (
				en,
				Base,
			);
			mainGroup = 597772A21DF5ECEA00C03709;
			productRefGroup = 597772AC1DF5ECEA00C03709 /* Products */;
			projectDirPath = "";
			projectRoot = "";
			targets = (
				597772AA1DF5ECEA00C03709 /* daySixDemo */,
			);
		};
/* End PBXProject section */

/* Begin PBXResourcesBuildPhase section */
		597772A91DF5ECEA00C03709 /* Resources */ = {
			isa = PBXResourcesBuildPhase;
			buildActionMask = 2147483647;
			files = (
				597772CB1DF60ABC00C03709 /* Main.storyboard in Resources */,
				597772CA1DF60ABC00C03709 /* LaunchScreen.storyboard in Resources */,
				597772B61DF5ECEA00C03709 /* Assets.xcassets in Resources */,
			);
			runOnlyForDeploymentPostprocessing = 0;
		};
/* End PBXResourcesBuildPhase section */

/* Begin PBXSourcesBuildPhase section */
		597772A71DF5ECEA00C03709 /* Sources */ = {
			isa = PBXSourcesBuildPhase;
			buildActionMask = 2147483647;
			files = (
				597772CC1DF60ABC00C03709 /* ViewController.swift in Sources */,
				597772C91DF60ABC00C03709 /* AppDelegate.swift in Sources */,
			);
			runOnlyForDeploymentPostprocessing = 0;
		};
/* End PBXSourcesBuildPhase section */

/* Begin XCBuildConfiguration section */
		597772BB1DF5ECEA00C03709 /* Debug */ = {
			isa = XCBuildConfiguration;
			buildSettings = {
				ALWAYS_SEARCH_USER_PATHS = NO;
				CLANG_ANALYZER_NONNULL = YES;
				CLANG_CXX_LANGUAGE_STANDARD = "gnu++0x";
				CLANG_CXX_LIBRARY = "libc++";
				CLANG_ENABLE_MODULES = YES;
				CLANG_ENABLE_OBJC_ARC = YES;
				CLANG_WARN_BOOL_CONVERSION = YES;
				CLANG_WARN_CONSTANT_CONVERSION = YES;
				CLANG_WARN_DIRECT_OBJC_ISA_USAGE = YES_ERROR;
				CLANG_WARN_DOCUMENTATION_COMMENTS = YES;
				CLANG_WARN_EMPTY_BODY = YES;
				CLANG_WARN_ENUM_CONVERSION = YES;
				CLANG_WARN_INFINITE_RECURSION = YES;
				CLANG_WARN_INT_CONVERSION = YES;
				CLANG_WARN_OBJC_ROOT_CLASS = YES_ERROR;
				CLANG_WARN_SUSPICIOUS_MOVES = YES;
				CLANG_WARN_UNREACHABLE_CODE = YES;
				CLANG_WARN__DUPLICATE_METHOD_MATCH = YES;
				"CODE_SIGN_IDENTITY[sdk=iphoneos*]" = "iPhone Developer";
				COPY_PHASE_STRIP = NO;
				DEBUG_INFORMATION_FORMAT = dwarf;
				ENABLE_STRICT_OBJC_MSGSEND = YES;
				ENABLE_TESTABILITY = YES;
				GCC_C_LANGUAGE_STANDARD = gnu99;
				GCC_DYNAMIC_NO_PIC = NO;
				GCC_NO_COMMON_BLOCKS = YES;
				GCC_OPTIMIZATION_LEVEL = 0;
				GCC_PREPROCESSOR_DEFINITIONS = (
					"DEBUG=1",
					"$(inherited)",
				);
				GCC_WARN_64_TO_32_BIT_CONVERSION = YES;
				GCC_WARN_ABOUT_RETURN_TYPE = YES_ERROR;
				GCC_WARN_UNDECLARED_SELECTOR = YES;
				GCC_WARN_UNINITIALIZED_AUTOS = YES_AGGRESSIVE;
				GCC_WARN_UNUSED_FUNCTION = YES;
				GCC_WARN_UNUSED_VARIABLE = YES;
				IPHONEOS_DEPLOYMENT_TARGET = 10.1;
				MTL_ENABLE_DEBUG_INFO = YES;
				ONLY_ACTIVE_ARCH = YES;
				SDKROOT = iphoneos;
				SWIFT_ACTIVE_COMPILATION_CONDITIONS = DEBUG;
				SWIFT_OPTIMIZATION_LEVEL = "-Onone";
				TARGETED_DEVICE_FAMILY = "1,2";
			};
			name = Debug;
		};
		597772BC1DF5ECEA00C03709 /* Release */ = {
			isa = XCBuildConfiguration;
			buildSettings = {
				ALWAYS_SEARCH_USER_PATHS = NO;
				CLANG_ANALYZER_NONNULL = YES;
				CLANG_CXX_LANGUAGE_STANDARD = "gnu++0x";
				CLANG_CXX_LIBRARY = "libc++";
				CLANG_ENABLE_MODULES = YES;
				CLANG_ENABLE_OBJC_ARC = YES;
				CLANG_WARN_BOOL_CONVERSION = YES;
				CLANG_WARN_CONSTANT_CONVERSION = YES;
				CLANG_WARN_DIRECT_OBJC_ISA_USAGE = YES_ERROR;
				CLANG_WARN_DOCUMENTATION_COMMENTS = YES;
				CLANG_WARN_EMPTY_BODY = YES;
				CLANG_WARN_ENUM_CONVERSION = YES;
				CLANG_WARN_INFINITE_RECURSION = YES;
				CLANG_WARN_INT_CONVERSION = YES;
				CLANG_WARN_OBJC_ROOT_CLASS = YES_ERROR;
				CLANG_WARN_SUSPICIOUS_MOVES = YES;
				CLANG_WARN_UNREACHABLE_CODE = YES;
				CLANG_WARN__DUPLICATE_METHOD_MATCH = YES;
				"CODE_SIGN_IDENTITY[sdk=iphoneos*]" = "iPhone Developer";
				COPY_PHASE_STRIP = NO;
				DEBUG_INFORMATION_FORMAT = "dwarf-with-dsym";
				ENABLE_NS_ASSERTIONS = NO;
				ENABLE_STRICT_OBJC_MSGSEND = YES;
				GCC_C_LANGUAGE_STANDARD = gnu99;
				GCC_NO_COMMON_BLOCKS = YES;
				GCC_WARN_64_TO_32_BIT_CONVERSION = YES;
				GCC_WARN_ABOUT_RETURN_TYPE = YES_ERROR;
				GCC_WARN_UNDECLARED_SELECTOR = YES;
				GCC_WARN_UNINITIALIZED_AUTOS = YES_AGGRESSIVE;
				GCC_WARN_UNUSED_FUNCTION = YES;
				GCC_WARN_UNUSED_VARIABLE = YES;
				IPHONEOS_DEPLOYMENT_TARGET = 10.1;
				MTL_ENABLE_DEBUG_INFO = NO;
				SDKROOT = iphoneos;
				SWIFT_OPTIMIZATION_LEVEL = "-Owholemodule";
				TARGETED_DEVICE_FAMILY = "1,2";
				VALIDATE_PRODUCT = YES;
			};
			name = Release;
		};
		597772BE1DF5ECEA00C03709 /* Debug */ = {
			isa = XCBuildConfiguration;
			buildSettings = {
				ASSETCATALOG_COMPILER_APPICON_NAME = AppIcon;
				DEVELOPMENT_TEAM = 8H997XH52S;
				INFOPLIST_FILE = daySixDemo/Info.plist;
				LD_RUNPATH_SEARCH_PATHS = "$(inherited) @executable_path/Frameworks";
				PRODUCT_BUNDLE_IDENTIFIER = com.codingdojo.daySixDemo;
				PRODUCT_NAME = "$(TARGET_NAME)";
				SWIFT_VERSION = 3.0;
			};
			name = Debug;
		};
		597772BF1DF5ECEA00C03709 /* Release */ = {
			isa = XCBuildConfiguration;
			buildSettings = {
				ASSETCATALOG_COMPILER_APPICON_NAME = AppIcon;
				DEVELOPMENT_TEAM = 8H997XH52S;
				INFOPLIST_FILE = daySixDemo/Info.plist;
				LD_RUNPATH_SEARCH_PATHS = "$(inherited) @executable_path/Frameworks";
				PRODUCT_BUNDLE_IDENTIFIER = com.codingdojo.daySixDemo;
				PRODUCT_NAME = "$(TARGET_NAME)";
				SWIFT_VERSION = 3.0;
			};
			name = Release;
		};
/* End XCBuildConfiguration section */

/* Begin XCConfigurationList section */
		597772A61DF5ECEA00C03709 /* Build configuration list for PBXProject "daySixDemo" */ = {
			isa = XCConfigurationList;
			buildConfigurations = (
				597772BB1DF5ECEA00C03709 /* Debug */,
				597772BC1DF5ECEA00C03709 /* Release */,
			);
			defaultConfigurationIsVisible = 0;
			defaultConfigurationName = Release;
		};
		597772BD1DF5ECEA00C03709 /* Build configuration list for PBXNativeTarget "daySixDemo" */ = {
			isa = XCConfigurationList;
			buildConfigurations = (
				597772BE1DF5ECEA00C03709 /* Debug */,
				597772BF1DF5ECEA00C03709 /* Release */,
			);
			defaultConfigurationIsVisible = 0;
			defaultConfigurationName = Release;
		};
/* End XCConfigurationList section */
	};
	rootObject = 597772A31DF5ECEA00C03709 /* Project object */;
}
